
Microsoft Visual Studio Solution File, Format Version 12.00
# Visual Studio 14
VisualStudioVersion = 14.0.25420.1
MinimumVisualStudioVersion = 10.0.40219.1
Project("{FAE04EC0-301F-11D3-BF4B-00C04F79EFBC}") = "OfficialCommunity.Necropolis", "OfficialCommunity.Necropolis\OfficialCommunity.Necropolis.csproj", "{D8F0D0BB-D7FB-4917-97BB-85697B39ED92}"
EndProject
Project("{FAE04EC0-301F-11D3-BF4B-00C04F79EFBC}") = "OfficialCommunity.ECommerce.Domains", "OfficialCommunity.ECommerce.Domains\OfficialCommunity.ECommerce.Domains.csproj", "{631F945D-6B29-4410-B4B9-6A0C185B31D0}"
EndProject
Project("{FAE04EC0-301F-11D3-BF4B-00C04F79EFBC}") = "OfficialCommunity.ECommerce.Services", "OfficialCommunity.EComerce.Services\OfficialCommunity.ECommerce.Services.csproj", "{5CA70D08-7FD6-4924-BD99-55C123EEA09E}"
EndProject
Project("{FAE04EC0-301F-11D3-BF4B-00C04F79EFBC}") = "OfficialCommunity.ECommerce.Nuvango", "OfficialCommunity.ECommerce.Nuvango\OfficialCommunity.ECommerce.Nuvango.csproj", "{04382CA1-E10A-4979-ACB1-7218686A4415}"
EndProject
Project("{FAE04EC0-301F-11D3-BF4B-00C04F79EFBC}") = "OfficialCommunity.ECommerce.Nuvango.Tests", "OfficialCommunity.ECommerce.Nuvango.Tests\OfficialCommunity.ECommerce.Nuvango.Tests.csproj", "{067456C0-086C-46A8-B37F-1405717B7BFC}"
EndProject
Project("{2150E333-8FDC-42A3-9474-1A3956D46DE8}") = "QA", "QA", "{B77EF016-7266-44E6-89B7-529BD9EF7C96}"
EndProject
Project("{FAE04EC0-301F-11D3-BF4B-00C04F79EFBC}") = "Sandbox", "Sandbox\Sandbox.csproj", "{0F2C8A5C-C576-46C4-9424-73650DE65CCB}"
EndProject
Project("{FAE04EC0-301F-11D3-BF4B-00C04F79EFBC}") = "OfficialCommunity.Necropolis.Console", "OfficialCommunity.Necropolis.Console\OfficialCommunity.Necropolis.Console.csproj", "{1E70574C-FF31-4393-9009-614B0CA56B1E}"
EndProject
Project("{8BB2217D-0F2D-49D1-97BC-3654ED321F3B}") = "Core.Sandbox", "Core.Sandbox\Core.Sandbox.xproj", "{28D115E1-F7B4-4540-8F23-E8C3F2C21155}"
EndProject
Project("{8BB2217D-0F2D-49D1-97BC-3654ED321F3B}") = "OfficialCommunity.ECommerce.Hub", "OfficialCommunity.ECommerce.Hub\OfficialCommunity.ECommerce.Hub.xproj", "{199ECB78-3476-4E35-95B8-31E21BD6F3C2}"
EndProject
Project("{FAE04EC0-301F-11D3-BF4B-00C04F79EFBC}") = "OfficialCommunity.Necropolis.Web", "OfficialCommunity.Necropolis.Web\OfficialCommunity.Necropolis.Web.csproj", "{312ED326-C2B3-4C1B-A02F-AB42EDABD164}"
EndProject
Project("{FAE04EC0-301F-11D3-BF4B-00C04F79EFBC}") = "OfficialCommunity.ECommerce.Nop", "OfficialCommunity.ECommerce.Nop\OfficialCommunity.ECommerce.Nop.csproj", "{66675A49-FE4B-4742-BF5C-CF8B21329190}"
EndProject
Project("{FAE04EC0-301F-11D3-BF4B-00C04F79EFBC}") = "OfficialCommunity.ECommerce.Nop.Tests", "OfficialCommunity.ECommerce.Nop.Tests\OfficialCommunity.ECommerce.Nop.Tests.csproj", "{6EF09EE5-E45E-4083-AC54-DF9345698C07}"
EndProject
Project("{FAE04EC0-301F-11D3-BF4B-00C04F79EFBC}") = "OfficialCommunity.Necropolis.DocumentDB", "OfficialCommunity.Necropolis.DocumentDB\OfficialCommunity.Necropolis.DocumentDB.csproj", "{10561024-0240-4FB0-830B-652CE53242C3}"
EndProject
Project("{FAE04EC0-301F-11D3-BF4B-00C04F79EFBC}") = "OfficialCommunity.ECommerce.Isotope", "OfficialCommunity.ECommerce.Isotope\OfficialCommunity.ECommerce.Isotope.csproj", "{C1983600-B325-42C8-9173-5AD6A70A5842}"
EndProject
Global
	GlobalSection(SolutionConfigurationPlatforms) = preSolution
		Debug|Any CPU = Debug|Any CPU
		Release|Any CPU = Release|Any CPU
	EndGlobalSection
	GlobalSection(ProjectConfigurationPlatforms) = postSolution
		{D8F0D0BB-D7FB-4917-97BB-85697B39ED92}.Debug|Any CPU.ActiveCfg = Debug|Any CPU
		{D8F0D0BB-D7FB-4917-97BB-85697B39ED92}.Debug|Any CPU.Build.0 = Debug|Any CPU
		{D8F0D0BB-D7FB-4917-97BB-85697B39ED92}.Release|Any CPU.ActiveCfg = Release|Any CPU
		{D8F0D0BB-D7FB-4917-97BB-85697B39ED92}.Release|Any CPU.Build.0 = Release|Any CPU
		{631F945D-6B29-4410-B4B9-6A0C185B31D0}.Debug|Any CPU.ActiveCfg = Debug|Any CPU
		{631F945D-6B29-4410-B4B9-6A0C185B31D0}.Debug|Any CPU.Build.0 = Debug|Any CPU
		{631F945D-6B29-4410-B4B9-6A0C185B31D0}.Release|Any CPU.ActiveCfg = Release|Any CPU
		{631F945D-6B29-4410-B4B9-6A0C185B31D0}.Release|Any CPU.Build.0 = Release|Any CPU
		{5CA70D08-7FD6-4924-BD99-55C123EEA09E}.Debug|Any CPU.ActiveCfg = Debug|Any CPU
		{5CA70D08-7FD6-4924-BD99-55C123EEA09E}.Debug|Any CPU.Build.0 = Debug|Any CPU
		{5CA70D08-7FD6-4924-BD99-55C123EEA09E}.Release|Any CPU.ActiveCfg = Release|Any CPU
		{5CA70D08-7FD6-4924-BD99-55C123EEA09E}.Release|Any CPU.Build.0 = Release|Any CPU
		{04382CA1-E10A-4979-ACB1-7218686A4415}.Debug|Any CPU.ActiveCfg = Debug|Any CPU
		{04382CA1-E10A-4979-ACB1-7218686A4415}.Debug|Any CPU.Build.0 = Debug|Any CPU
		{04382CA1-E10A-4979-ACB1-7218686A4415}.Release|Any CPU.ActiveCfg = Release|Any CPU
		{04382CA1-E10A-4979-ACB1-7218686A4415}.Release|Any CPU.Build.0 = Release|Any CPU
		{067456C0-086C-46A8-B37F-1405717B7BFC}.Debug|Any CPU.ActiveCfg = Debug|Any CPU
		{067456C0-086C-46A8-B37F-1405717B7BFC}.Debug|Any CPU.Build.0 = Debug|Any CPU
		{067456C0-086C-46A8-B37F-1405717B7BFC}.Release|Any CPU.ActiveCfg = Release|Any CPU
		{067456C0-086C-46A8-B37F-1405717B7BFC}.Release|Any CPU.Build.0 = Release|Any CPU
		{0F2C8A5C-C576-46C4-9424-73650DE65CCB}.Debug|Any CPU.ActiveCfg = Debug|Any CPU
		{0F2C8A5C-C576-46C4-9424-73650DE65CCB}.Debug|Any CPU.Build.0 = Debug|Any CPU
		{0F2C8A5C-C576-46C4-9424-73650DE65CCB}.Release|Any CPU.ActiveCfg = Release|Any CPU
		{0F2C8A5C-C576-46C4-9424-73650DE65CCB}.Release|Any CPU.Build.0 = Release|Any CPU
		{1E70574C-FF31-4393-9009-614B0CA56B1E}.Debug|Any CPU.ActiveCfg = Debug|Any CPU
		{1E70574C-FF31-4393-9009-614B0CA56B1E}.Debug|Any CPU.Build.0 = Debug|Any CPU
		{1E70574C-FF31-4393-9009-614B0CA56B1E}.Release|Any CPU.ActiveCfg = Release|Any CPU
		{1E70574C-FF31-4393-9009-614B0CA56B1E}.Release|Any CPU.Build.0 = Release|Any CPU
		{28D115E1-F7B4-4540-8F23-E8C3F2C21155}.Debug|Any CPU.ActiveCfg = Debug|Any CPU
		{28D115E1-F7B4-4540-8F23-E8C3F2C21155}.Debug|Any CPU.Build.0 = Debug|Any CPU
		{28D115E1-F7B4-4540-8F23-E8C3F2C21155}.Release|Any CPU.ActiveCfg = Release|Any CPU
		{28D115E1-F7B4-4540-8F23-E8C3F2C21155}.Release|Any CPU.Build.0 = Release|Any CPU
		{199ECB78-3476-4E35-95B8-31E21BD6F3C2}.Debug|Any CPU.ActiveCfg = Debug|Any CPU
		{199ECB78-3476-4E35-95B8-31E21BD6F3C2}.Debug|Any CPU.Build.0 = Debug|Any CPU
		{199ECB78-3476-4E35-95B8-31E21BD6F3C2}.Release|Any CPU.ActiveCfg = Release|Any CPU
		{199ECB78-3476-4E35-95B8-31E21BD6F3C2}.Release|Any CPU.Build.0 = Release|Any CPU
		{312ED326-C2B3-4C1B-A02F-AB42EDABD164}.Debug|Any CPU.ActiveCfg = Debug|Any CPU
		{312ED326-C2B3-4C1B-A02F-AB42EDABD164}.Debug|Any CPU.Build.0 = Debug|Any CPU
		{312ED326-C2B3-4C1B-A02F-AB42EDABD164}.Release|Any CPU.ActiveCfg = Release|Any CPU
		{312ED326-C2B3-4C1B-A02F-AB42EDABD164}.Release|Any CPU.Build.0 = Release|Any CPU
		{66675A49-FE4B-4742-BF5C-CF8B21329190}.Debug|Any CPU.ActiveCfg = Debug|Any CPU
		{66675A49-FE4B-4742-BF5C-CF8B21329190}.Debug|Any CPU.Build.0 = Debug|Any CPU
		{66675A49-FE4B-4742-BF5C-CF8B21329190}.Release|Any CPU.ActiveCfg = Release|Any CPU
		{66675A49-FE4B-4742-BF5C-CF8B21329190}.Release|Any CPU.Build.0 = Release|Any CPU
		{6EF09EE5-E45E-4083-AC54-DF9345698C07}.Debug|Any CPU.ActiveCfg = Debug|Any CPU
		{6EF09EE5-E45E-4083-AC54-DF9345698C07}.Debug|Any CPU.Build.0 = Debug|Any CPU
		{6EF09EE5-E45E-4083-AC54-DF9345698C07}.Release|Any CPU.ActiveCfg = Release|Any CPU
		{6EF09EE5-E45E-4083-AC54-DF9345698C07}.Release|Any CPU.Build.0 = Release|Any CPU
		{10561024-0240-4FB0-830B-652CE53242C3}.Debug|Any CPU.ActiveCfg = Debug|Any CPU
		{10561024-0240-4FB0-830B-652CE53242C3}.Debug|Any CPU.Build.0 = Debug|Any CPU
		{10561024-0240-4FB0-830B-652CE53242C3}.Release|Any CPU.ActiveCfg = Release|Any CPU
		{10561024-0240-4FB0-830B-652CE53242C3}.Release|Any CPU.Build.0 = Release|Any CPU
		{C1983600-B325-42C8-9173-5AD6A70A5842}.Debug|Any CPU.ActiveCfg = Debug|Any CPU
		{C1983600-B325-42C8-9173-5AD6A70A5842}.Debug|Any CPU.Build.0 = Debug|Any CPU
		{C1983600-B325-42C8-9173-5AD6A70A5842}.Release|Any CPU.ActiveCfg = Release|Any CPU
		{C1983600-B325-42C8-9173-5AD6A70A5842}.Release|Any CPU.Build.0 = Release|Any CPU
	EndGlobalSection
	GlobalSection(SolutionProperties) = preSolution
		HideSolutionNode = FALSE
	EndGlobalSection
	GlobalSection(NestedProjects) = preSolution
		{067456C0-086C-46A8-B37F-1405717B7BFC} = {B77EF016-7266-44E6-89B7-529BD9EF7C96}
		{6EF09EE5-E45E-4083-AC54-DF9345698C07} = {B77EF016-7266-44E6-89B7-529BD9EF7C96}
	EndGlobalSection
	GlobalSection(ExtensibilityGlobals) = postSolution
		EnterpriseLibraryConfigurationToolBinariesPathV6 = tHandling.6.0.1304.0\lib\portable-net45+win+wp8;tHandling.WindowsAzure.Storage.6.0.1304.0\lib\NET45
	EndGlobalSection
EndGlobal
